AdvancedAE-1.6.11-1.21.1.jar
AetherVillages-1.21.1-1.0.8-neoforge.jar
AkashicTome-1.8-30.jar
Apotheosis-1.21.1-8.5.2.jar
ApothicAttributes-1.21.1-2.9.1.jar
ApothicEnchanting-1.21.1-1.5.2.jar
ApothicSpawners-1.21.1-1.3.4.jar
Applied-Mekanistics-1.6.3.jar
BadOptimizations-2.4.1-1.21.1.jar
BetterThirdPerson-neoforge-1.9.0.jar
BiomesOPlenty-neoforge-1.21.1-21.1.0.13.jar
BrandonsCore-1.21.1-3.2.1.309.jar
BridgingMod-2.6.2+1.21.1.neoforge-release.jar
Clumps-neoforge-1.21.1-19.0.0.1.jar
CobbleFurnies-neoforge-1.1.jar
Cobblemon-Utility+-neoforge-1.7.3.jar
Cobblemon-neoforge-1.7.3+1.21.1.jar
Cobblepedia-NeoForge-0.7.1.jar
CodeChickenLib-1.21.1-4.6.1.526.jar
ConstructionSticks-1.21.1-1.3.0.jar
Controlling-neoforge-1.21.1-19.0.5.jar
CreateDragonsPlus-1.10.0b.jar
CreateOPlenty-NeoForge-Create+6.0.7-3.0.jar
Cucumber-1.21.1-8.0.16.jar
Design-n-Decor-1.21.1-2.1.0.jar
DistantHorizons-3.0.3-b-1.21.1-fabric-neoforge.jar
DnDesires-1.21.1-2.3a-BETA.jar
Draconic-Evolution-1.21.1-3.1.4.632.jar
DungeonCrawl-NeoForge-1.21-2.3.17.jar
DungeonsArise-1.21.1-2.1.68-release.jar
EnderStorage-1.21.1-2.13.0.191.jar
ExplorersCompass-1.21.1-3.4.0-neoforge.jar
Explorify v1.6.5.mod.jar
ExtendedAE-1.21-2.2.32-neoforge.jar
ExtremeReactors2-1.21.1-2.4.28.jar
ExtremeSoundMuffler-3.56_NeoForge-1.21.jar
FallingTree-1.21.1-1.21.1.11.jar
FarmersDelight-1.21.1-1.3.2.jar
FastFurnace-1.21.1-9.0.1.jar
FastSuite-1.21.1-6.0.7.jar
FastWorkbench-1.21.1-9.1.3.jar
FluxNetworks-1.21.1-8.0.0.jar
FramedBlocks-10.5.3.jar
GlitchCore-neoforge-1.21.1-2.1.0.0.jar
Glodium-1.21-2.2-neoforge.jar
Highlighter-1.21-neoforge-1.1.11.jar
HostileNeuralNetworks-1.21.1-6.3.0.jar
IceAndFireCE-2.0-beta.16-1.21.1-neoforge.jar
Iceberg-1.21.1-neoforge-1.3.2.jar
Immersive-Energistics-1.1.0-beta.jar
ImmersiveEngineering-1.21.1-12.4.2-194.jar
ImmersivePetroleum-1.21.1-4.4.1-37.jar
Jade-1.21.1-NeoForge-15.10.5.jar
JustEnoughMekanismMultiblocks-1.21.1-7.15.jar
JustEnoughProfessions-neoforge-1.21.1-4.0.5.jar
JustEnoughResources-NeoForge-1.21.1-1.6.0.17.jar
L_Ender's Cataclysm 1.21.1-3.27.jar
LeavesBeGone-v21.1.1-1.21.1-NeoForge.jar
Mekanism-1.21.1-10.7.19.85.jar
MekanismGenerators-1.21.1-10.7.19.85.jar
MekanismTools-1.21.1-10.7.19.85.jar
MoreCobblemonTweaks-neoforge-1.3.3.jar
MouseTweaks-neoforge-mc1.21-2.26.1.jar
MysticalAgradditions-1.21.1-8.0.13.jar
MysticalAgriculture-1.21.1-8.0.26.jar
NaturesCompass-1.21.1-3.4.0-neoforge.jar
OctoLib-NEOFORGE-0.6.2+1.21.jar
PKGBadges-7.0.jar
Patchouli-1.21.1-93-NEOFORGE.jar
Placebo-1.21.1-9.9.1.jar
Platform-neoforge-1.21.1-1.3.3.jar
Powah-6.2.10.jar
PuzzlesLib-v21.1.39-1.21.1-NeoForge.jar
Quark-4.1-479.jar
Radical Gyms  Structures - RGS.jar
Searchables-neoforge-1.21.1-1.0.2.jar
SimpleBackups-1.21-4.0.21.jar
SimpleTMs-neoforge-2.3.3.jar
SkyVillages-1.0.6-1.21.x-neoforge-release.jar
SmartBrainLib-neoforge-1.21.1-1.16.11.jar
Super Factory Manager (SFM)-MC1.21.1-4.32.0.jar
TerraBlender-neoforge-1.21.1-4.1.0.8.jar
The_Undergarden-1.21.1-0.9.6.jar
VanillaBackport-neoforge-1.21.1-1.1.7.4.jar
VisualWorkbench-v21.1.1-1.21.1-NeoForge.jar
ZeroCore2-1.21.1-2.4.21.jar
Zeta-1.1-40.jar
accessories-neoforge-1.1.0-beta.53+1.21.1.jar
aces_spell_utils-1.2.6.1-1.21.1.jar
actuallyadditions-1.3.25+mc1.21.1.jar
admin_chunk_manager-2.0.0.jar
ae2jeiintegration-1.2.1.jar
ae2wtlib-19.5.0.jar
aerocopycats-1.1.1.jar
aether-1.21.1-1.5.10-neoforge.jar
aether_protect_your_moa-1.21.1-1.0.0-neoforge.jar
alltheleaks-1.1.8+1.21.1-neoforge.jar
allthemodium-3.0.1_mc_1.21.1.jar
allthemons-0.1.5.jar
alltheores-3.2.0_neoforge_1.21.1.jar
almostunified-neoforge-1.21.1-1.4.1.jar
anvilcore-10.1 Release-neoforge-1.21.1.jar
appleskin-neoforge-mc1.21-3.0.9.jar
appliedenergistics2-19.2.17.jar
architectury-13.0.8-neoforge.jar
ars_additions-1.21.1-21.3.0.jar
ars_creo-1.21.1-5.2.0.jar
ars_elemental-1.21.1-0.7.9.3.jar
ars_n_spells-2.1.0.jar
ars_nouveau-1.21.1-5.11.5.jar
ars_technica-1.21.1-2.7.6.jar
arseng-2.1.1-beta.jar
artifacts-neoforge-13.2.1.jar
ash_api-neoforge-21.1.1.jar
athena-neoforge-1.21.1-4.0.6.jar
atlas_api-1.21.1-1.2.0.jar
baguettelib-1.21.1-NeoForge-2.0.3.jar
balm-neoforge-1.21.1-21.0.56.jar
bellsandwhistles-0.4.7-1.21.1.jar
berrypouch-neoforge-1.21.1-0.5.4-beta.jar
better-compatability-checker-neoforge-21.1.8.jar
better_lib-neoforge-1.21.1-1.0.109.jar
betterchunkloading-1.21-5.4.jar
bettercombat-neoforge-2.3.2+1.21.1.jar
bigcontraptions-neoforge-1.0.jar
blockui-1.0.209-1.21.1.jar
bookshelf-neoforge-1.21.1-21.1.81.jar
botanypots-neoforge-1.21.1-21.1.41.jar
botanypotsmystical-neoforge-1.21.1-21.1.11.jar
botanytrees-neoforge-1.21.1-21.1.3.jar
bountiful-neoforge-8.0.0-beta.2.jar
buildinggadgets2-1.3.9.jar
bwncr-neoforge-1.21.1-3.20.4.jar
caelus-neoforge-7.0.1+1.21.1.jar
carryon-neoforge-1.21.1-2.2.4.4.jar
charginggadgets-1.14.1.jar
charmofundying-neoforge-9.1.0+1.21.1.jar
chat_heads-0.15.1-neoforge-1.21.jar
citadel-2.7.0-1.21.1.jar
cloth-config-15.0.140-neoforge.jar
cobbleannounce-1.0.2.jar
cobbledgacha-neoforge-1.21.1-3.0.3.jar
cobbledon-1.0.jar
cobblegengalore-1.21.1-0.2.8.jar
cobblemon-battle-extras-neoforge-1.13.45.jar
cobblemon_battle_tower-neoforge-1.10.22.jar
cobblemon_party_extras-neoforge-1.8.15.jar
cobblemon_ultra_wormholes-neoforge-1.1.1.jar
cobblemon_wild_extras-neoforge-1.1.1.jar
cobblemonbattletypes-1.0.0.jar
cobblemonextrastructures-1.21.1-1.3.0-neoforge.jar
cobblemonraiddens-neoforge-0.11.0+1.21.1.jar
cobblenav-neoforge-2.3.3.jar
cobbleworkers-neoforge-2.0.3+1.7.0.jar
collective-1.21.1-8.22.jar
comforts-neoforge-9.0.5+1.21.1.jar
commoncapabilities-1.21.1-neoforge-2.11.4.jar
compatapi-1.0.3.jar
compatstructures-1.0.3.jar
complete-cobblemon-collection-myths-and-legends-compat-2.0.1 (1).jar
connectivity-1.21.1-7.6.jar
cookingforblockheads-neoforge-1.21.1-21.1.23.jar
copperagebackport-neoforge-1.21.1-0.1.4.jar
copycats-3.0.4+mc.1.21.1-neoforge.jar
coroutil-neoforge-1.21.0-1.3.9.jar
cosmeticarmorreworked-1.21.1-v1-neoforge.jar
crafting_on_a_stick-1.21.0.4.jar
craftingtweaks-neoforge-1.21.1-21.1.10.jar
crd_broadcasts-neoforge-1.4.1+1.21.1.jar
crd_converters-neoforge-1.1.0+1.21.1.jar
create-1.21.1-6.0.10.jar
create-aeronautics-bundled-1.21.1-1.2.1.jar
create-central-kitchen-2.4.0.jar
create-enchantment-industry-2.3.1.jar
create-gunsmithing-1.21.1-1.4.5.jar
create-stuff-additions1.21.1_v2.1.2.jar
create_aquatic_ambitions-1.21.1-2.0.2.jar
create_ars_nouveau_compat-1.21.1-1.1.jar
create_better_villagers-1.3.2.jar
create_compat_core-1.0.0-neoforge-1.21.1.jar
create_connected-1.1.16-mc1.21.1.jar
create_easy_structures-0.2a-neoforge-1.21.1.jar
create_hypertube-0.4.0-COMPAT-NEOFORGE.jar
create_jetpack_curios-1.2.0-neoforge-1.21.1.jar
create_pattern_schematics-2.0.10.jar
create_rustic_structures-1.0.0-neoforge-1.21.1.jar
create_structures_arise NeoForge 1.21.1 -175.48.47.jar
create_structures_overhaul-1.4.0-neoforge-1.21.1.jar
create_vibrant_vaults-0.3.2.jar
create_wizardry-1.21.1-0.4.2.jar
createaddition-1.5.10.jar
createbigcannons-5.11.3-mc.1.21.1.jar
createcobblemonballsoverhaul-0.0.4.jar
createcobblestone-1.4.9+neoforge-1.21.1-130.jar
createdeco-2.1.3.jar
createoreexcavation-1.21-1.6.8.jar
cristellib-neoforge-1.21.1-3.0.3.jar
cupboard-1.21-3.5.jar
curios-neoforge-9.5.1+1.21.1.jar
cyclopscore-1.21.1-neoforge-1.29.1.jar
deployer-0.1.2.jar
disenchanting_table-merged-1.21.1-5.0.2.jar
domum-ornamentum-1.0.231-main.jar
durabilitytooltip-1.1.6-neoforge-mc1.21.jar
easy-villagers-neoforge-1.21.1-1.1.42.jar
elytraslot-neoforge-9.0.2+1.21.1.jar
enchdesc-neoforge-1.21.1-21.1.9.jar
end_villager_outpost-1.0.0-neoforge-1.21.1.jar
enderio-8.2.9-beta.jar
endermanoverhaul-neoforge-1.21.1-2.0.3.jar
eternal-starlight-delight-neoforge-1.2.1.jar
eternalstarlight-0.7.0-hotfix+1.21.1+neoforge.jar
evilcraft-1.21.1-neoforge-1.2.86.jar
experiencelib-1.21.1-1.2.1.jar
extra_gauges-2.1.2.jar
farmers-cutting-eternal-starlight-1.21.1-2.1-neoforge.jar
farmingforblockheads-neoforge-1.21.1-21.1.13.jar
fastleafdecay-35.jar
ferritecore-7.0.3-neoforge.jar
fightorflight-neoforge-0.10.7.jar
framework-neoforge-1.21.1-0.13.11.jar
freecam-neoforge-1.3.0+mc1.21.jar
ftb-chunks-neoforge-2101.1.14.jar
ftb-essentials-neoforge-2101.1.9.jar
ftb-jei-extras-21.1.7.jar
ftb-library-neoforge-2101.1.31.jar
ftb-quests-neoforge-2101.1.24.jar
ftb-stuff-things-21.1.17.jar
ftb-teams-neoforge-2101.1.10.jar
ftb-ultimine-neoforge-2101.1.14.jar
fuelgoeshere-1.21.1-1.2.0.jar
functionalstorage-1.21.1-1.5.4.jar
fusion-1.2.12-neoforge-mc1.21.1.jar
fzzy_config-0.7.6+1.21+neoforge.jar
geckolib-neoforge-1.21.1-4.8.4.jar
goblintraders-neoforge-1.21.1-1.11.2.jar
gpumemleakfix-1.21-1.8.jar
gravestone-neoforge-1.21.1-1.0.37.jar
gravestonecurioscompat-1.21.1-NeoForge-3.0.1.jar
guardvillagers-2.4.7-1.21.1.jar
guideme-21.1.15.jar
hazentouvelib-1.0.5.jar
ice_and_fire_spellbooks-2.3.3-1.21.1.jar
iceandfirexbettercombat-1.21.1.jar
idas-1.13.5+1.21.1-neoforge.jar
immersive_paintings-neoforge-1.21.1-0.7.6.jar
industrial-foregoing-souls-1.21.1-1.10.4.jar
industrialforegoing-1.21-3.6.38.jar
integrated_api-1.7.4+1.21.1-neoforge.jar
integrateddynamics-1.21.1-neoforge-1.33.0.jar
interiors-1.21.1-neoforge-0.6.1.jar
inventorysorter-1.21.1-24.0.24.jar
iris-neoforge-1.8.12+mc1.21.1.jar
ironfurnaces-neoforge-1.21.1-4.3.2.jar
irons_jewelry-1.21.1-1.6.1.1.jar
irons_lib-1.21.1-1.0.2.jar
irons_spellbooks-1.21.1-3.15.6.jar
itemcollectors-1.1.10-neoforge-mc1.21.jar
jamlib-neoforge-1.3.6+1.21.1.jar
jauml-neoforge-1.21.1-1.3.0.jar
jearchaeology-1.21.1-1.2.0.jar
jei-1.21.1-neoforge-19.27.0.336.jar
journeymap-neoforge-1.21.1-6.0.0-beta.72.jar
jupiter-2.3.7-1.21.1-neoforge.jar
just-hammers-neoforge-21.1.4.jar
justdirethings-1.5.7.jar
justenoughbreeding-neoforge-1.21-1.21.1-1.6.2.jar
justzoom_neoforge_2.1.0_MC_1.21.1.jar
kambrik-neoforge-8.0.0-beta.2.jar
konkrete_neoforge_1.9.9_MC_1.21.jar
kotlinforforge-5.11.0-all.jar
kubejs-create-neoforge-2101.3.1-build.18.jar
kubejs-neoforge-2101.7.2-build.368.jar
laserio-1.9.11.jar
lionfishapi-2.7-fix-fix.jar
lithium-neoforge-0.15.3+mc1.21.1.jar
lithostitched-1.7.3-neoforge-21.1.jar
lootintegrations-1.21.1-4.7.jar
lootjs-neoforge-1.21.1-3.7.0.jar
lootr-neoforge-1.21.1-1.11.37.120.jar
mcjtylib-1.21-9.0.20.jar
mcw-bridges-3.1.2-mc1.21.1neoforge.jar
mcw-doors-1.1.5-mc1.21.1neoforge.jar
mcw-furniture-3.4.1-mc1.21.1neoforge.jar
mcw-mcwwindows-2.4.2-mc1.21.1neoforge.jar
mega_showdown-neoforge-1.8.4+1.7.3+1.21.1-hotfix-hotfix.jar
mekanismcovers-1.3-BETA+1.21.jar
mekmm-1.21.1-1.3.1.jar
merequester-neoforge-1.21.1-1.4.2.jar
minecolonies-1.1.1300-1.21.1.jar
mininggadgets-1.18.6.jar
mob_grinding_utils-1.1.10+mc1.21.1.jar
modernfix-neoforge-5.27.7+mc1.21.1.jar
modonomicon-1.21.1-neoforge-1.120.1.jar
monolib-neoforge-1.21.1-4.0.2.jar
moonlight-neoforge-1.21.1-3.0.9.jar
moreoverlays-1.24.2-mc1.21.1-neoforge.jar
multipiston-1.2.58-1.21.1.jar
neoforge-dungeonsdelight-1.21.1-1.5.0.jar
neoforge-runiclib-1.21.1-5.0.6.jar
netherportalfix-neoforge-1.21.1-21.1.1.jar
notenoughanimations-neoforge-1.12.3-mc1.21.1.jar
ntgl-1.21.1-3.1.4.jar
occultism-1.21.1-neoforge-1.215.0.jar
open-parties-and-claims-neoforge-1.21.1-0.26.2.jar
oritech-neoforge-1.21.1-1.2.6.jar
overlapless-1.21.1-1.2.0.jar
owo-lib-neoforge-0.12.15.5-beta.1+1.21.jar
packetfixer-3.3.1-1.20.5-1.21.X-merged.jar
pamhc2crops-NEOFORGE-1.21.1-1.0.9.jar
pamhc2fantasy-NEOFORGE-1.21.0-1.0.3.jar
pamhc2foodcore-NEOFORGE-1.21.1-1.0.4.jar
pamhc2foodextended-NEOFORGE-1.21.1-1.0.0.jar
pamhc2trees-NEOFORGE-1.21.1-1.0.9.jar
patchouli_library-1.1.0.jar
perspatium-1.21.1-1.1.0.jar
pipez-neoforge-1.21.1-1.2.19.jar
player-animation-lib-forge-2.0.4+1.21.1.jar
pocketstorage-1.2.5+1.21.1-b3.jar
polyeng-0.4.1.jar
polymorph-neoforge-1.1.0+1.21.1.jar
potentials-neoforge-1.21-0.7.1.jar
potionsmaster-21.1.113-1.0.1.jar
prickle-neoforge-1.21.1-21.1.11.jar
productivebees-1.21.1-13.13.5.jar
productivemetalworks-1.21.1-1.15.0.jar
pylons-1.21.1-5.4.2.jar
rangedpumps-1.3.0.jar
rctapi-neoforge-1.21.1-0.15.2-beta.jar
rctmod-neoforge-1.21.1-0.18.1-beta.jar
rechiseled-1.2.4-neoforge-mc1.21.jar
relics-1.21.1-0.12.4.jar
repeatable_trial_vaults-neoforge-1.21-1.0.2.jar
resourcefulconfig-neoforge-1.21-3.0.11.jar
resourcefullib-neoforge-1.21-3.0.12.jar
rftoolsbase-1.21-6.0.10.jar
rftoolsbuilder-1.21-7.0.4.jar
rftoolsdim-1.21-12.0.3.jar
rftoolspower-1.21-7.0.5.jar
rftoolsstorage-1.21-6.0.4.jar
rftoolsutility-1.21-7.0.11.jar
rhino-2101.2.7-build.81.jar
rightclickharvest-neoforge-4.6.1+1.21.1.jar
ritchiesprojectilelib-2.1.2-mc.1.21.1-neoforge.jar
sable-neoforge-1.21.1-1.2.2.jar
shuffle-neoforge-21.1.0.jar
silent-gear-1.21.1-neoforge-4.2.1.jar
silent-lib-1.21.1-neoforge-10.6.0.jar
simple_weather-1.0.13-hotfix.jar
simplylight-1.5.3+1.21.1-b4.jar
skinlayers3d-neoforge-1.11.1-mc1.21.1.jar
sliceanddice-forge-4.2.4.jar
smoothchunk-1.21-4.1.jar
sodium-neoforge-0.6.13+mc1.21.1.jar
sophisticatedbackpacks-1.21.1-3.25.45.1742.jar
sophisticatedbackpackscreateintegration-1.21.1-0.1.5.29.jar
sophisticatedcore-1.21.1-1.4.39.1852.jar
sophisticatedstorage-1.21.1-1.5.47.1724.jar
sophisticatedstoragecreateintegration-1.21.1-0.1.17.132.jar
sparsestructures-neoforge-1.21.1-3.0.jar
stars_aligned-1.0.0.jar
stellaris-1.21-neoforge-1.4.22.jar
storagedelight-26.04.18a+1.21-neoforge.jar
structure_layout_optimizer-neoforge-1.0.12.jar
structureessentials-1.21.1-5.0.jar
structurize-1.0.822-1.21.1.jar
stylecolonies-1.15.51-1.21.1.jar
supermartijn642configlib-1.1.8-neoforge-mc1.21.jar
supermartijn642corelib-1.1.21-neoforge-mc1.21.jar
supplementaries-neoforge-1.21.1-3.6.4.jar
supplylines-mc1.21.1-1.4.1.jar
t_and_t-neoforge-fabric-1.13.7+1.21.1.jar
tempad-1.21.1-3.0.4-all.jar
the_bumblezone-7.13.2+1.21.1-neoforge.jar
tiab-neoforge-6.5.4.jar
tidal-towns-1.3.4.jar
titanium-1.21-4.0.43.jar
tooltipoverhaul-neoforge-1.21.1-1.4.4.jar
torchmaster-neoforge-1.21.1-21.1.9.jar
torchmastercobblemoncompat-1.6-neoforge-1.0.0.jar
towntalk-1.2.0.jar
trashcans-1.0.18c-neoforge-mc1.21.jar
underground_village-neoforge-1.21.1-1.5.7.jar
uranus-2.4.1-1.21.1-neoforge.jar
utilitarian-1.21.1-0.19.2.jar
voicechat-neoforge-1.21.1-2.6.17.jar
watut-neoforge-1.21.0-1.2.7.jar
waystones-neoforge-1.21.1-21.1.32.jar
waystonessable-1.0.2.jar
wild_battle_api-neoforge-1.1.2.jar
xnet-1.21-7.0.6.jar
xnetgases-1.21.1-6.0.2.jar
yet_another_config_lib_v3-3.8.2+1.21.1-neoforge.jar
